
Microsoft Visual Studio Solution File, Format Version 12.00
# Visual Studio Version 17
VisualStudioVersion = 17.8.34330.188
MinimumVisualStudioVersion = 10.0.40219.1
Project("{2150E333-8FDC-42A3-9474-1A3956D46DE8}") = "Services", "Services", "{77C92F38-BDCE-4CA5-9BE8-B39714D5A981}"
EndProject
Project("{2150E333-8FDC-42A3-9474-1A3956D46DE8}") = "Catalog", "Catalog", "{DEAD3D6C-194C-4382-BE6B-5F3C77EE9C7B}"
EndProject
Project("{9A19103F-16F7-4668-BE54-9A1E7A4F7556}") = "Catalog.API", "Services\Catalog\Catalog.API\Catalog.API.csproj", "{4E4B1D3B-A14A-4263-8910-0A5F2EFC5818}"
EndProject
Project("{2150E333-8FDC-42A3-9474-1A3956D46DE8}") = "BuildingBlocks", "BuildingBlocks", "{99E12F36-6216-4FC5-8E64-BE0AD4140C9D}"
EndProject
Project("{FAE04EC0-301F-11D3-BF4B-00C04F79EFBC}") = "BuildingBLocks", "BuildingBLocks\BuildingBLocks\BuildingBLocks.csproj", "{05B1F1CD-C32C-4AAF-8B91-9BC08911776A}"
EndProject
Global
	GlobalSection(SolutionConfigurationPlatforms) = preSolution
		Debug|Any CPU = Debug|Any CPU
		Release|Any CPU = Release|Any CPU
	EndGlobalSection
	GlobalSection(ProjectConfigurationPlatforms) = postSolution
		{4E4B1D3B-A14A-4263-8910-0A5F2EFC5818}.Debug|Any CPU.ActiveCfg = Debug|Any CPU
		{4E4B1D3B-A14A-4263-8910-0A5F2EFC5818}.Debug|Any CPU.Build.0 = Debug|Any CPU
		{4E4B1D3B-A14A-4263-8910-0A5F2EFC5818}.Release|Any CPU.ActiveCfg = Release|Any CPU
		{4E4B1D3B-A14A-4263-8910-0A5F2EFC5818}.Release|Any CPU.Build.0 = Release|Any CPU
		{05B1F1CD-C32C-4AAF-8B91-9BC08911776A}.Debug|Any CPU.ActiveCfg = Debug|Any CPU
		{05B1F1CD-C32C-4AAF-8B91-9BC08911776A}.Debug|Any CPU.Build.0 = Debug|Any CPU
		{05B1F1CD-C32C-4AAF-8B91-9BC08911776A}.Release|Any CPU.ActiveCfg = Release|Any CPU
		{05B1F1CD-C32C-4AAF-8B91-9BC08911776A}.Release|Any CPU.Build.0 = Release|Any CPU
	EndGlobalSection
	GlobalSection(SolutionProperties) = preSolution
		HideSolutionNode = FALSE
	EndGlobalSection
	GlobalSection(NestedProjects) = preSolution
		{DEAD3D6C-194C-4382-BE6B-5F3C77EE9C7B} = {77C92F38-BDCE-4CA5-9BE8-B39714D5A981}
		{4E4B1D3B-A14A-4263-8910-0A5F2EFC5818} = {DEAD3D6C-194C-4382-BE6B-5F3C77EE9C7B}
		{05B1F1CD-C32C-4AAF-8B91-9BC08911776A} = {99E12F36-6216-4FC5-8E64-BE0AD4140C9D}
	EndGlobalSection
	GlobalSection(ExtensibilityGlobals) = postSolution
		SolutionGuid = {8BFE06A8-460A-44A6-9ADF-7882BFE2E8A2}
	EndGlobalSection
EndGlobal
